
Microsoft Visual Studio Solution File, Format Version 12.00
# Visual Studio 15
VisualStudioVersion = 15.0.26124.0
MinimumVisualStudioVersion = 15.0.26124.0
Project("{2150E333-8FDC-42A3-9474-1A3956D46DE8}") = "src", "src", "{F2FC7622-E28C-4073-B500-A5964ED43FED}"
EndProject
Project("{FAE04EC0-301F-11D3-BF4B-00C04F79EFBC}") = "LightsOutPuzzle.Application", "src\LightsOutPuzzle.Application\LightsOutPuzzle.Application.csproj", "{24E3AFFD-0935-401E-A978-0A6852FC6112}"
EndProject
Project("{FAE04EC0-301F-11D3-BF4B-00C04F79EFBC}") = "LightsOutPuzzle.Domain", "src\LightsOutPuzzle.Domain\LightsOutPuzzle.Domain.csproj", "{E8E3555C-E0DA-4825-969A-5CF2FAC8FAD7}"
EndProject
Project("{FAE04EC0-301F-11D3-BF4B-00C04F79EFBC}") = "LightsOutPuzzle.MVC", "src\LightsOutPuzzle.MVC\LightsOutPuzzle.MVC.csproj", "{AF0C9048-8B03-4AA6-8E2F-B7761161A879}"
EndProject
Project("{FAE04EC0-301F-11D3-BF4B-00C04F79EFBC}") = "LightsOutPuzzle.Infrastructure", "src\LightsOutPuzzle.Infrastructure\LightsOutPuzzle.Infrastructure.csproj", "{6ED6E07D-92CC-4BDD-AD5B-6545AE44A658}"
EndProject
Project("{2150E333-8FDC-42A3-9474-1A3956D46DE8}") = "tests", "tests", "{543F8C2A-9982-4302-AF18-90AB75BB05DA}"
EndProject
Project("{FAE04EC0-301F-11D3-BF4B-00C04F79EFBC}") = "Domain.UnitTests", "tests\Domain.UnitTests\Domain.UnitTests.csproj", "{372DF184-4C19-4529-8217-36AF031B5185}"
EndProject
Project("{FAE04EC0-301F-11D3-BF4B-00C04F79EFBC}") = "Application.UnitTests", "tests\Application.UnitTests\Application.UnitTests.csproj", "{75BF3326-65C0-4A3B-A29F-3D6C679A4623}"
EndProject
Project("{FAE04EC0-301F-11D3-BF4B-00C04F79EFBC}") = "Infrastructure.UnitTests", "tests\Infrastructure.UnitTests\Infrastructure.UnitTests.csproj", "{4F0FCCE4-DC2D-4D88-A999-FEC8EFE6DBD4}"
EndProject
Global
	GlobalSection(SolutionConfigurationPlatforms) = preSolution
		Debug|Any CPU = Debug|Any CPU
		Debug|x64 = Debug|x64
		Debug|x86 = Debug|x86
		Release|Any CPU = Release|Any CPU
		Release|x64 = Release|x64
		Release|x86 = Release|x86
	EndGlobalSection
	GlobalSection(SolutionProperties) = preSolution
		HideSolutionNode = FALSE
	EndGlobalSection
	GlobalSection(ProjectConfigurationPlatforms) = postSolution
		{24E3AFFD-0935-401E-A978-0A6852FC6112}.Debug|Any CPU.ActiveCfg = Debug|Any CPU
		{24E3AFFD-0935-401E-A978-0A6852FC6112}.Debug|Any CPU.Build.0 = Debug|Any CPU
		{24E3AFFD-0935-401E-A978-0A6852FC6112}.Debug|x64.ActiveCfg = Debug|Any CPU
		{24E3AFFD-0935-401E-A978-0A6852FC6112}.Debug|x64.Build.0 = Debug|Any CPU
		{24E3AFFD-0935-401E-A978-0A6852FC6112}.Debug|x86.ActiveCfg = Debug|Any CPU
		{24E3AFFD-0935-401E-A978-0A6852FC6112}.Debug|x86.Build.0 = Debug|Any CPU
		{24E3AFFD-0935-401E-A978-0A6852FC6112}.Release|Any CPU.ActiveCfg = Release|Any CPU
		{24E3AFFD-0935-401E-A978-0A6852FC6112}.Release|Any CPU.Build.0 = Release|Any CPU
		{24E3AFFD-0935-401E-A978-0A6852FC6112}.Release|x64.ActiveCfg = Release|Any CPU
		{24E3AFFD-0935-401E-A978-0A6852FC6112}.Release|x64.Build.0 = Release|Any CPU
		{24E3AFFD-0935-401E-A978-0A6852FC6112}.Release|x86.ActiveCfg = Release|Any CPU
		{24E3AFFD-0935-401E-A978-0A6852FC6112}.Release|x86.Build.0 = Release|Any CPU
		{E8E3555C-E0DA-4825-969A-5CF2FAC8FAD7}.Debug|Any CPU.ActiveCfg = Debug|Any CPU
		{E8E3555C-E0DA-4825-969A-5CF2FAC8FAD7}.Debug|Any CPU.Build.0 = Debug|Any CPU
		{E8E3555C-E0DA-4825-969A-5CF2FAC8FAD7}.Debug|x64.ActiveCfg = Debug|Any CPU
		{E8E3555C-E0DA-4825-969A-5CF2FAC8FAD7}.Debug|x64.Build.0 = Debug|Any CPU
		{E8E3555C-E0DA-4825-969A-5CF2FAC8FAD7}.Debug|x86.ActiveCfg = Debug|Any CPU
		{E8E3555C-E0DA-4825-969A-5CF2FAC8FAD7}.Debug|x86.Build.0 = Debug|Any CPU
		{E8E3555C-E0DA-4825-969A-5CF2FAC8FAD7}.Release|Any CPU.ActiveCfg = Release|Any CPU
		{E8E3555C-E0DA-4825-969A-5CF2FAC8FAD7}.Release|Any CPU.Build.0 = Release|Any CPU
		{E8E3555C-E0DA-4825-969A-5CF2FAC8FAD7}.Release|x64.ActiveCfg = Release|Any CPU
		{E8E3555C-E0DA-4825-969A-5CF2FAC8FAD7}.Release|x64.Build.0 = Release|Any CPU
		{E8E3555C-E0DA-4825-969A-5CF2FAC8FAD7}.Release|x86.ActiveCfg = Release|Any CPU
		{E8E3555C-E0DA-4825-969A-5CF2FAC8FAD7}.Release|x86.Build.0 = Release|Any CPU
		{AF0C9048-8B03-4AA6-8E2F-B7761161A879}.Debug|Any CPU.ActiveCfg = Debug|Any CPU
		{AF0C9048-8B03-4AA6-8E2F-B7761161A879}.Debug|Any CPU.Build.0 = Debug|Any CPU
		{AF0C9048-8B03-4AA6-8E2F-B7761161A879}.Debug|x64.ActiveCfg = Debug|Any CPU
		{AF0C9048-8B03-4AA6-8E2F-B7761161A879}.Debug|x64.Build.0 = Debug|Any CPU
		{AF0C9048-8B03-4AA6-8E2F-B7761161A879}.Debug|x86.ActiveCfg = Debug|Any CPU
		{AF0C9048-8B03-4AA6-8E2F-B7761161A879}.Debug|x86.Build.0 = Debug|Any CPU
		{AF0C9048-8B03-4AA6-8E2F-B7761161A879}.Release|Any CPU.ActiveCfg = Release|Any CPU
		{AF0C9048-8B03-4AA6-8E2F-B7761161A879}.Release|Any CPU.Build.0 = Release|Any CPU
		{AF0C9048-8B03-4AA6-8E2F-B7761161A879}.Release|x64.ActiveCfg = Release|Any CPU
		{AF0C9048-8B03-4AA6-8E2F-B7761161A879}.Release|x64.Build.0 = Release|Any CPU
		{AF0C9048-8B03-4AA6-8E2F-B7761161A879}.Release|x86.ActiveCfg = Release|Any CPU
		{AF0C9048-8B03-4AA6-8E2F-B7761161A879}.Release|x86.Build.0 = Release|Any CPU
		{6ED6E07D-92CC-4BDD-AD5B-6545AE44A658}.Debug|Any CPU.ActiveCfg = Debug|Any CPU
		{6ED6E07D-92CC-4BDD-AD5B-6545AE44A658}.Debug|Any CPU.Build.0 = Debug|Any CPU
		{6ED6E07D-92CC-4BDD-AD5B-6545AE44A658}.Debug|x64.ActiveCfg = Debug|Any CPU
		{6ED6E07D-92CC-4BDD-AD5B-6545AE44A658}.Debug|x64.Build.0 = Debug|Any CPU
		{6ED6E07D-92CC-4BDD-AD5B-6545AE44A658}.Debug|x86.ActiveCfg = Debug|Any CPU
		{6ED6E07D-92CC-4BDD-AD5B-6545AE44A658}.Debug|x86.Build.0 = Debug|Any CPU
		{6ED6E07D-92CC-4BDD-AD5B-6545AE44A658}.Release|Any CPU.ActiveCfg = Release|Any CPU
		{6ED6E07D-92CC-4BDD-AD5B-6545AE44A658}.Release|Any CPU.Build.0 = Release|Any CPU
		{6ED6E07D-92CC-4BDD-AD5B-6545AE44A658}.Release|x64.ActiveCfg = Release|Any CPU
		{6ED6E07D-92CC-4BDD-AD5B-6545AE44A658}.Release|x64.Build.0 = Release|Any CPU
		{6ED6E07D-92CC-4BDD-AD5B-6545AE44A658}.Release|x86.ActiveCfg = Release|Any CPU
		{6ED6E07D-92CC-4BDD-AD5B-6545AE44A658}.Release|x86.Build.0 = Release|Any CPU
		{372DF184-4C19-4529-8217-36AF031B5185}.Debug|Any CPU.ActiveCfg = Debug|Any CPU
		{372DF184-4C19-4529-8217-36AF031B5185}.Debug|Any CPU.Build.0 = Debug|Any CPU
		{372DF184-4C19-4529-8217-36AF031B5185}.Debug|x64.ActiveCfg = Debug|Any CPU
		{372DF184-4C19-4529-8217-36AF031B5185}.Debug|x64.Build.0 = Debug|Any CPU
		{372DF184-4C19-4529-8217-36AF031B5185}.Debug|x86.ActiveCfg = Debug|Any CPU
		{372DF184-4C19-4529-8217-36AF031B5185}.Debug|x86.Build.0 = Debug|Any CPU
		{372DF184-4C19-4529-8217-36AF031B5185}.Release|Any CPU.ActiveCfg = Release|Any CPU
		{372DF184-4C19-4529-8217-36AF031B5185}.Release|Any CPU.Build.0 = Release|Any CPU
		{372DF184-4C19-4529-8217-36AF031B5185}.Release|x64.ActiveCfg = Release|Any CPU
		{372DF184-4C19-4529-8217-36AF031B5185}.Release|x64.Build.0 = Release|Any CPU
		{372DF184-4C19-4529-8217-36AF031B5185}.Release|x86.ActiveCfg = Release|Any CPU
		{372DF184-4C19-4529-8217-36AF031B5185}.Release|x86.Build.0 = Release|Any CPU
		{75BF3326-65C0-4A3B-A29F-3D6C679A4623}.Debug|Any CPU.ActiveCfg = Debug|Any CPU
		{75BF3326-65C0-4A3B-A29F-3D6C679A4623}.Debug|Any CPU.Build.0 = Debug|Any CPU
		{75BF3326-65C0-4A3B-A29F-3D6C679A4623}.Debug|x64.ActiveCfg = Debug|Any CPU
		{75BF3326-65C0-4A3B-A29F-3D6C679A4623}.Debug|x64.Build.0 = Debug|Any CPU
		{75BF3326-65C0-4A3B-A29F-3D6C679A4623}.Debug|x86.ActiveCfg = Debug|Any CPU
		{75BF3326-65C0-4A3B-A29F-3D6C679A4623}.Debug|x86.Build.0 = Debug|Any CPU
		{75BF3326-65C0-4A3B-A29F-3D6C679A4623}.Release|Any CPU.ActiveCfg = Release|Any CPU
		{75BF3326-65C0-4A3B-A29F-3D6C679A4623}.Release|Any CPU.Build.0 = Release|Any CPU
		{75BF3326-65C0-4A3B-A29F-3D6C679A4623}.Release|x64.ActiveCfg = Release|Any CPU
		{75BF3326-65C0-4A3B-A29F-3D6C679A4623}.Release|x64.Build.0 = Release|Any CPU
		{75BF3326-65C0-4A3B-A29F-3D6C679A4623}.Release|x86.ActiveCfg = Release|Any CPU
		{75BF3326-65C0-4A3B-A29F-3D6C679A4623}.Release|x86.Build.0 = Release|Any CPU
		{4F0FCCE4-DC2D-4D88-A999-FEC8EFE6DBD4}.Debug|Any CPU.ActiveCfg = Debug|Any CPU
		{4F0FCCE4-DC2D-4D88-A999-FEC8EFE6DBD4}.Debug|Any CPU.Build.0 = Debug|Any CPU
		{4F0FCCE4-DC2D-4D88-A999-FEC8EFE6DBD4}.Debug|x64.ActiveCfg = Debug|Any CPU
		{4F0FCCE4-DC2D-4D88-A999-FEC8EFE6DBD4}.Debug|x64.Build.0 = Debug|Any CPU
		{4F0FCCE4-DC2D-4D88-A999-FEC8EFE6DBD4}.Debug|x86.ActiveCfg = Debug|Any CPU
		{4F0FCCE4-DC2D-4D88-A999-FEC8EFE6DBD4}.Debug|x86.Build.0 = Debug|Any CPU
		{4F0FCCE4-DC2D-4D88-A999-FEC8EFE6DBD4}.Release|Any CPU.ActiveCfg = Release|Any CPU
		{4F0FCCE4-DC2D-4D88-A999-FEC8EFE6DBD4}.Release|Any CPU.Build.0 = Release|Any CPU
		{4F0FCCE4-DC2D-4D88-A999-FEC8EFE6DBD4}.Release|x64.ActiveCfg = Release|Any CPU
		{4F0FCCE4-DC2D-4D88-A999-FEC8EFE6DBD4}.Release|x64.Build.0 = Release|Any CPU
		{4F0FCCE4-DC2D-4D88-A999-FEC8EFE6DBD4}.Release|x86.ActiveCfg = Release|Any CPU
		{4F0FCCE4-DC2D-4D88-A999-FEC8EFE6DBD4}.Release|x86.Build.0 = Release|Any CPU
	EndGlobalSection
	GlobalSection(NestedProjects) = preSolution
		{24E3AFFD-0935-401E-A978-0A6852FC6112} = {F2FC7622-E28C-4073-B500-A5964ED43FED}
		{E8E3555C-E0DA-4825-969A-5CF2FAC8FAD7} = {F2FC7622-E28C-4073-B500-A5964ED43FED}
		{AF0C9048-8B03-4AA6-8E2F-B7761161A879} = {F2FC7622-E28C-4073-B500-A5964ED43FED}
		{6ED6E07D-92CC-4BDD-AD5B-6545AE44A658} = {F2FC7622-E28C-4073-B500-A5964ED43FED}
		{372DF184-4C19-4529-8217-36AF031B5185} = {543F8C2A-9982-4302-AF18-90AB75BB05DA}
		{75BF3326-65C0-4A3B-A29F-3D6C679A4623} = {543F8C2A-9982-4302-AF18-90AB75BB05DA}
		{4F0FCCE4-DC2D-4D88-A999-FEC8EFE6DBD4} = {543F8C2A-9982-4302-AF18-90AB75BB05DA}
	EndGlobalSection
EndGlobal
